{
  "lockfile_version": "1",
  "packages": {
    "maven@latest": {
      "last_modified": "2023-09-10T10:53:27Z",
      "resolved": "github:NixOS/nixpkgs/78058d810644f5ed276804ce7ea9e82d92bee293#maven",
      "source": "devbox-search",
      "version": "3.9.4"
    },
    "nodePackages.pnpm@latest": {
      "last_modified": "2023-09-10T10:53:27Z",
      "resolved": "github:NixOS/nixpkgs/78058d810644f5ed276804ce7ea9e82d92bee293#nodePackages.pnpm",
      "source": "devbox-search",
      "version": "8.6.12"
    },
    "nodejs@latest": {
      "last_modified": "2023-09-10T10:53:27Z",
      "plugin_version": "0.0.2",
      "resolved": "github:NixOS/nixpkgs/78058d810644f5ed276804ce7ea9e82d92bee293#nodejs_20",
      "source": "devbox-search",
      "version": "20.6.1"
    },
    "temurin-bin-8@latest": {
      "last_modified": "2023-09-10T10:53:27Z",
      "resolved": "github:NixOS/nixpkgs/78058d810644f5ed276804ce7ea9e82d92bee293#temurin-bin-8",
      "source": "devbox-search",
      "version": "8.0.372"
    }
  }
}
